
Microsoft Visual Studio Solution File, Format Version 12.00
# Visual Studio Version 16
VisualStudioVersion = 16.0.31205.134
MinimumVisualStudioVersion = 10.0.40219.1
Project("{FAE04EC0-301F-11D3-BF4B-00C04F79EFBC}") = "Cheeseria.API", "Cheeseria.API.csproj", "{1D80C871-9EE6-4064-8116-88A5D5B90D3E}"
EndProject
Project("{FAE04EC0-301F-11D3-BF4B-00C04F79EFBC}") = "Cheeseria.API.UnitTest", "..\Cheeseria.API.UnitTest\Cheeseria.API.UnitTest.csproj", "{50361171-56BA-460C-B453-DA867376D63E}"
EndProject
Global
	GlobalSection(SolutionConfigurationPlatforms) = preSolution
		Debug|Any CPU = Debug|Any CPU
		Release|Any CPU = Release|Any CPU
	EndGlobalSection
	GlobalSection(ProjectConfigurationPlatforms) = postSolution
		{1D80C871-9EE6-4064-8116-88A5D5B90D3E}.Debug|Any CPU.ActiveCfg = Debug|Any CPU
		{1D80C871-9EE6-4064-8116-88A5D5B90D3E}.Debug|Any CPU.Build.0 = Debug|Any CPU
		{1D80C871-9EE6-4064-8116-88A5D5B90D3E}.Release|Any CPU.ActiveCfg = Release|Any CPU
		{1D80C871-9EE6-4064-8116-88A5D5B90D3E}.Release|Any CPU.Build.0 = Release|Any CPU
		{50361171-56BA-460C-B453-DA867376D63E}.Debug|Any CPU.ActiveCfg = Debug|Any CPU
		{50361171-56BA-460C-B453-DA867376D63E}.Debug|Any CPU.Build.0 = Debug|Any CPU
		{50361171-56BA-460C-B453-DA867376D63E}.Release|Any CPU.ActiveCfg = Release|Any CPU
		{50361171-56BA-460C-B453-DA867376D63E}.Release|Any CPU.Build.0 = Release|Any CPU
	EndGlobalSection
	GlobalSection(SolutionProperties) = preSolution
		HideSolutionNode = FALSE
	EndGlobalSection
	GlobalSection(ExtensibilityGlobals) = postSolution
		SolutionGuid = {A273E9C9-36E0-40D5-B352-36B192AE3943}
	EndGlobalSection
EndGlobal
